
Microsoft Visual Studio Solution File, Format Version 12.00
# Visual Studio 15
VisualStudioVersion = 15.0.28307.960
MinimumVisualStudioVersion = 10.0.40219.1
Project("{FAE04EC0-301F-11D3-BF4B-00C04F79EFBC}") = "PerreraNueva", "PerreraNueva\PerreraNueva.csproj", "{861927C7-0334-4DE4-85C9-A23BA40C2828}"
EndProject
Project("{FAE04EC0-301F-11D3-BF4B-00C04F79EFBC}") = "PerreraNueva.Tests", "PerreraNueva.Tests\PerreraNueva.Tests.csproj", "{4CE50E09-AC2F-429E-960D-2132A138A42C}"
EndProject
Global
	GlobalSection(SolutionConfigurationPlatforms) = preSolution
		Debug|Any CPU = Debug|Any CPU
		Release|Any CPU = Release|Any CPU
	EndGlobalSection
	GlobalSection(ProjectConfigurationPlatforms) = postSolution
		{861927C7-0334-4DE4-85C9-A23BA40C2828}.Debug|Any CPU.ActiveCfg = Debug|Any CPU
		{861927C7-0334-4DE4-85C9-A23BA40C2828}.Debug|Any CPU.Build.0 = Debug|Any CPU
		{861927C7-0334-4DE4-85C9-A23BA40C2828}.Release|Any CPU.ActiveCfg = Release|Any CPU
		{861927C7-0334-4DE4-85C9-A23BA40C2828}.Release|Any CPU.Build.0 = Release|Any CPU
		{4CE50E09-AC2F-429E-960D-2132A138A42C}.Debug|Any CPU.ActiveCfg = Debug|Any CPU
		{4CE50E09-AC2F-429E-960D-2132A138A42C}.Debug|Any CPU.Build.0 = Debug|Any CPU
		{4CE50E09-AC2F-429E-960D-2132A138A42C}.Release|Any CPU.ActiveCfg = Release|Any CPU
		{4CE50E09-AC2F-429E-960D-2132A138A42C}.Release|Any CPU.Build.0 = Release|Any CPU
	EndGlobalSection
	GlobalSection(SolutionProperties) = preSolution
		HideSolutionNode = FALSE
	EndGlobalSection
	GlobalSection(ExtensibilityGlobals) = postSolution
		SolutionGuid = {A61754AC-2F22-4272-981A-54E857E2A2EC}
	EndGlobalSection
EndGlobal
